// !$*UTF8*$!
{
	archiveVersion = 1;
	classes = {
	};
	objectVersion = 56;
	objects = {

/* Begin PBXBuildFile section */
		100000000000000000000101 /* MorviApplicationDelegate.swift in Sources */ = {isa = PBXBuildFile; fileRef = 100000000000000000000001 /* MorviApplicationDelegate.swift */; };
		100000000000000000000102 /* WindowSceneBridge.swift in Sources */ = {isa = PBXBuildFile; fileRef = 100000000000000000000002 /* WindowSceneBridge.swift */; };
		100000000000000000000201 /* Assets.xcassets in Resources */ = {isa = PBXBuildFile; fileRef = 100000000000000000000021 /* Assets.xcassets */; };
		100000000000000000000202 /* LaunchScreen.storyboard in Resources */ = {isa = PBXBuildFile; fileRef = 100000000000000000000022 /* LaunchScreen.storyboard */; };
		100000000000000000000203 /* SourceHanSansSC-ExtraLight.otf in Resources */ = {isa = PBXBuildFile; fileRef = 100000000000000000000030 /* SourceHanSansSC-ExtraLight.otf */; };
		100000000000000000000204 /* SourceHanSansSC-Light.otf in Resources */ = {isa = PBXBuildFile; fileRef = 100000000000000000000031 /* SourceHanSansSC-Light.otf */; };
		100000000000000000000205 /* SourceHanSansSC-Normal.otf in Resources */ = {isa = PBXBuildFile; fileRef = 100000000000000000000032 /* SourceHanSansSC-Normal.otf */; };
		100000000000000000000206 /* SourceHanSansSC-Regular.otf in Resources */ = {isa = PBXBuildFile; fileRef = 100000000000000000000033 /* SourceHanSansSC-Regular.otf */; };
		100000000000000000000207 /* SourceHanSansSC-Medium.otf in Resources */ = {isa = PBXBuildFile; fileRef = 100000000000000000000034 /* SourceHanSansSC-Medium.otf */; };
		100000000000000000000208 /* SourceHanSansSC-Bold.otf in Resources */ = {isa = PBXBuildFile; fileRef = 100000000000000000000035 /* SourceHanSansSC-Bold.otf */; };
		100000000000000000000209 /* SourceHanSansSC-Heavy.otf in Resources */ = {isa = PBXBuildFile; fileRef = 100000000000000000000036 /* SourceHanSansSC-Heavy.otf */; };
		100000000000000000000210 /* FredokaOne-Regular.ttf in Resources */ = {isa = PBXBuildFile; fileRef = 100000000000000000000037 /* FredokaOne-Regular.ttf */; };
		400000000000000000000201 /* builtin_victoria.mp4 in Resources */ = {isa = PBXBuildFile; fileRef = 400000000000000000000001 /* builtin_victoria.mp4 */; };
		400000000000000000000202 /* builtin_sophia.mp4 in Resources */ = {isa = PBXBuildFile; fileRef = 400000000000000000000002 /* builtin_sophia.mp4 */; };
		400000000000000000000203 /* builtin_chloe.mp4 in Resources */ = {isa = PBXBuildFile; fileRef = 400000000000000000000003 /* builtin_chloe.mp4 */; };
		400000000000000000000204 /* builtin_amelia.mp4 in Resources */ = {isa = PBXBuildFile; fileRef = 400000000000000000000004 /* builtin_amelia.mp4 */; };
		400000000000000000000205 /* builtin_rowan.mp4 in Resources */ = {isa = PBXBuildFile; fileRef = 400000000000000000000005 /* builtin_rowan.mp4 */; };
		400000000000000000000206 /* builtin_jasper.mp4 in Resources */ = {isa = PBXBuildFile; fileRef = 400000000000000000000006 /* builtin_jasper.mp4 */; };
		400000000000000000000207 /* builtin_liam.mp4 in Resources */ = {isa = PBXBuildFile; fileRef = 400000000000000000000007 /* builtin_liam.mp4 */; };
		500000000000000000000101 /* AccessSessionStore.swift in Sources */ = {isa = PBXBuildFile; fileRef = 500000000000000000000001 /* AccessSessionStore.swift */; };
		500000000000000000000102 /* ExperienceContainer.swift in Sources */ = {isa = PBXBuildFile; fileRef = 500000000000000000000002 /* ExperienceContainer.swift */; };
		500000000000000000000103 /* LocalSnapshotVault.swift in Sources */ = {isa = PBXBuildFile; fileRef = 500000000000000000000003 /* LocalSnapshotVault.swift */; };
		500000000000000000000123 /* ThreadArchive.swift in Sources */ = {isa = PBXBuildFile; fileRef = 500000000000000000000023 /* ThreadArchive.swift */; };
		500000000000000000000124 /* CreationArchive.swift in Sources */ = {isa = PBXBuildFile; fileRef = 500000000000000000000024 /* CreationArchive.swift */; };
		500000000000000000000120 /* IdentityArchive.swift in Sources */ = {isa = PBXBuildFile; fileRef = 500000000000000000000020 /* IdentityArchive.swift */; };
		500000000000000000000121 /* AppleIdentityBridge.swift in Sources */ = {isa = PBXBuildFile; fileRef = 500000000000000000000021 /* AppleIdentityBridge.swift */; };
		500000000000000000000122 /* AvatarGalleryPicker.swift in Sources */ = {isa = PBXBuildFile; fileRef = 500000000000000000000022 /* AvatarGalleryPicker.swift */; };
		500000000000000000000126 /* StorefrontAcquisitionGateway.swift in Sources */ = {isa = PBXBuildFile; fileRef = 500000000000000000000026 /* StorefrontAcquisitionGateway.swift */; };
		500000000000000000000127 /* StoredValueLedger.swift in Sources */ = {isa = PBXBuildFile; fileRef = 500000000000000000000027 /* StoredValueLedger.swift */; };
		500000000000000000000104 /* VisualLanguage.swift in Sources */ = {isa = PBXBuildFile; fileRef = 500000000000000000000004 /* VisualLanguage.swift */; };
		500000000000000000000105 /* WindowLaunchCoordinator.swift in Sources */ = {isa = PBXBuildFile; fileRef = 500000000000000000000005 /* WindowLaunchCoordinator.swift */; };
		500000000000000000000106 /* ScreenTreeAssembler.swift in Sources */ = {isa = PBXBuildFile; fileRef = 500000000000000000000006 /* ScreenTreeAssembler.swift */; };
		500000000000000000000107 /* CanvasDestination.swift in Sources */ = {isa = PBXBuildFile; fileRef = 500000000000000000000007 /* CanvasDestination.swift */; };
		500000000000000000000108 /* MorviApplicationRoot.swift in Sources */ = {isa = PBXBuildFile; fileRef = 500000000000000000000008 /* MorviApplicationRoot.swift */; };
		500000000000000000000109 /* OverlayCanvasView.swift in Sources */ = {isa = PBXBuildFile; fileRef = 500000000000000000000009 /* OverlayCanvasView.swift */; };
		500000000000000000000125 /* InputVisibilityScrollBridge.swift in Sources */ = {isa = PBXBuildFile; fileRef = 500000000000000000000025 /* InputVisibilityScrollBridge.swift */; };
		500000000000000000000110 /* HomeScreen.swift in Sources */ = {isa = PBXBuildFile; fileRef = 500000000000000000000010 /* HomeScreen.swift */; };
		500000000000000000000111 /* FeelingsWeekScreen.swift in Sources */ = {isa = PBXBuildFile; fileRef = 500000000000000000000011 /* FeelingsWeekScreen.swift */; };
		500000000000000000000112 /* DiscoverScreen.swift in Sources */ = {isa = PBXBuildFile; fileRef = 500000000000000000000012 /* DiscoverScreen.swift */; };
		500000000000000000000113 /* PersonaScreen.swift in Sources */ = {isa = PBXBuildFile; fileRef = 500000000000000000000013 /* PersonaScreen.swift */; };
		500000000000000000000114 /* DialogueListScreen.swift in Sources */ = {isa = PBXBuildFile; fileRef = 500000000000000000000014 /* DialogueListScreen.swift */; };
		500000000000000000000115 /* WalletScreen.swift in Sources */ = {isa = PBXBuildFile; fileRef = 500000000000000000000015 /* WalletScreen.swift */; };
		500000000000000000000116 /* CreationDetailScreen.swift in Sources */ = {isa = PBXBuildFile; fileRef = 500000000000000000000016 /* CreationDetailScreen.swift */; };
		500000000000000000000117 /* ConversationScreens.swift in Sources */ = {isa = PBXBuildFile; fileRef = 500000000000000000000017 /* ConversationScreens.swift */; };
		500000000000000000000118 /* SettingsAndAgreementScreens.swift in Sources */ = {isa = PBXBuildFile; fileRef = 500000000000000000000018 /* SettingsAndAgreementScreens.swift */; };
		500000000000000000000119 /* OverlayPanels.swift in Sources */ = {isa = PBXBuildFile; fileRef = 500000000000000000000019 /* OverlayPanels.swift */; };
		778F79B22FFA170600E7F38F /* StoreKit.framework in Frameworks */ = {isa = PBXBuildFile; fileRef = 778F79B12FFA170600E7F38F /* StoreKit.framework */; };
/* End PBXBuildFile section */

/* Begin PBXFileReference section */
		100000000000000000000001 /* MorviApplicationDelegate.swift */ = {isa = PBXFileReference; lastKnownFileType = sourcecode.swift; path = MorviApplicationDelegate.swift; sourceTree = "<group>"; };
		100000000000000000000002 /* WindowSceneBridge.swift */ = {isa = PBXFileReference; lastKnownFileType = sourcecode.swift; path = WindowSceneBridge.swift; sourceTree = "<group>"; };
		100000000000000000000021 /* Assets.xcassets */ = {isa = PBXFileReference; lastKnownFileType = folder.assetcatalog; path = Assets.xcassets; sourceTree = "<group>"; };
		100000000000000000000022 /* LaunchScreen.storyboard */ = {isa = PBXFileReference; lastKnownFileType = file.storyboard; path = LaunchScreen.storyboard; sourceTree = "<group>"; };
		100000000000000000000023 /* Info.plist */ = {isa = PBXFileReference; lastKnownFileType = text.plist.xml; path = Info.plist; sourceTree = "<group>"; };
		100000000000000000000024 /* Morvi.app */ = {isa = PBXFileReference; explicitFileType = wrapper.application; includeInIndex = 0; path = Morvi.app; sourceTree = BUILT_PRODUCTS_DIR; };
		100000000000000000000029 /* Morvi.entitlements */ = {isa = PBXFileReference; lastKnownFileType = text.plist.entitlements; path = Morvi.entitlements; sourceTree = "<group>"; };
		100000000000000000000030 /* SourceHanSansSC-ExtraLight.otf */ = {isa = PBXFileReference; lastKnownFileType = file; path = "SourceHanSansSC-ExtraLight.otf"; sourceTree = "<group>"; };
		100000000000000000000031 /* SourceHanSansSC-Light.otf */ = {isa = PBXFileReference; lastKnownFileType = file; path = "SourceHanSansSC-Light.otf"; sourceTree = "<group>"; };
		100000000000000000000032 /* SourceHanSansSC-Normal.otf */ = {isa = PBXFileReference; lastKnownFileType = file; path = "SourceHanSansSC-Normal.otf"; sourceTree = "<group>"; };
		100000000000000000000033 /* SourceHanSansSC-Regular.otf */ = {isa = PBXFileReference; lastKnownFileType = file; path = "SourceHanSansSC-Regular.otf"; sourceTree = "<group>"; };
		100000000000000000000034 /* SourceHanSansSC-Medium.otf */ = {isa = PBXFileReference; lastKnownFileType = file; path = "SourceHanSansSC-Medium.otf"; sourceTree = "<group>"; };
		100000000000000000000035 /* SourceHanSansSC-Bold.otf */ = {isa = PBXFileReference; lastKnownFileType = file; path = "SourceHanSansSC-Bold.otf"; sourceTree = "<group>"; };
		100000000000000000000036 /* SourceHanSansSC-Heavy.otf */ = {isa = PBXFileReference; lastKnownFileType = file; path = "SourceHanSansSC-Heavy.otf"; sourceTree = "<group>"; };
		100000000000000000000037 /* FredokaOne-Regular.ttf */ = {isa = PBXFileReference; lastKnownFileType = file; path = "FredokaOne-Regular.ttf"; sourceTree = "<group>"; };
		400000000000000000000001 /* builtin_victoria.mp4 */ = {isa = PBXFileReference; lastKnownFileType = file; path = builtin_victoria.mp4; sourceTree = "<group>"; };
		400000000000000000000002 /* builtin_sophia.mp4 */ = {isa = PBXFileReference; lastKnownFileType = file; path = builtin_sophia.mp4; sourceTree = "<group>"; };
		400000000000000000000003 /* builtin_chloe.mp4 */ = {isa = PBXFileReference; lastKnownFileType = file; path = builtin_chloe.mp4; sourceTree = "<group>"; };
		400000000000000000000004 /* builtin_amelia.mp4 */ = {isa = PBXFileReference; lastKnownFileType = file; path = builtin_amelia.mp4; sourceTree = "<group>"; };
		400000000000000000000005 /* builtin_rowan.mp4 */ = {isa = PBXFileReference; lastKnownFileType = file; path = builtin_rowan.mp4; sourceTree = "<group>"; };
		400000000000000000000006 /* builtin_jasper.mp4 */ = {isa = PBXFileReference; lastKnownFileType = file; path = builtin_jasper.mp4; sourceTree = "<group>"; };
		400000000000000000000007 /* builtin_liam.mp4 */ = {isa = PBXFileReference; lastKnownFileType = file; path = builtin_liam.mp4; sourceTree = "<group>"; };
		500000000000000000000001 /* AccessSessionStore.swift */ = {isa = PBXFileReference; lastKnownFileType = sourcecode.swift; path = AccessSessionStore.swift; sourceTree = "<group>"; };
		500000000000000000000002 /* ExperienceContainer.swift */ = {isa = PBXFileReference; lastKnownFileType = sourcecode.swift; path = ExperienceContainer.swift; sourceTree = "<group>"; };
		500000000000000000000003 /* LocalSnapshotVault.swift */ = {isa = PBXFileReference; lastKnownFileType = sourcecode.swift; path = LocalSnapshotVault.swift; sourceTree = "<group>"; };
		500000000000000000000023 /* ThreadArchive.swift */ = {isa = PBXFileReference; lastKnownFileType = sourcecode.swift; path = ThreadArchive.swift; sourceTree = "<group>"; };
		500000000000000000000024 /* CreationArchive.swift */ = {isa = PBXFileReference; lastKnownFileType = sourcecode.swift; path = CreationArchive.swift; sourceTree = "<group>"; };
		500000000000000000000020 /* IdentityArchive.swift */ = {isa = PBXFileReference; lastKnownFileType = sourcecode.swift; path = IdentityArchive.swift; sourceTree = "<group>"; };
		500000000000000000000021 /* AppleIdentityBridge.swift */ = {isa = PBXFileReference; lastKnownFileType = sourcecode.swift; path = AppleIdentityBridge.swift; sourceTree = "<group>"; };
		500000000000000000000022 /* AvatarGalleryPicker.swift */ = {isa = PBXFileReference; lastKnownFileType = sourcecode.swift; path = AvatarGalleryPicker.swift; sourceTree = "<group>"; };
		500000000000000000000026 /* StorefrontAcquisitionGateway.swift */ = {isa = PBXFileReference; lastKnownFileType = sourcecode.swift; path = StorefrontAcquisitionGateway.swift; sourceTree = "<group>"; };
		500000000000000000000027 /* StoredValueLedger.swift */ = {isa = PBXFileReference; lastKnownFileType = sourcecode.swift; path = StoredValueLedger.swift; sourceTree = "<group>"; };
		500000000000000000000004 /* VisualLanguage.swift */ = {isa = PBXFileReference; lastKnownFileType = sourcecode.swift; path = VisualLanguage.swift; sourceTree = "<group>"; };
		500000000000000000000005 /* WindowLaunchCoordinator.swift */ = {isa = PBXFileReference; lastKnownFileType = sourcecode.swift; path = WindowLaunchCoordinator.swift; sourceTree = "<group>"; };
		500000000000000000000006 /* ScreenTreeAssembler.swift */ = {isa = PBXFileReference; lastKnownFileType = sourcecode.swift; path = ScreenTreeAssembler.swift; sourceTree = "<group>"; };
		500000000000000000000007 /* CanvasDestination.swift */ = {isa = PBXFileReference; lastKnownFileType = sourcecode.swift; path = CanvasDestination.swift; sourceTree = "<group>"; };
		500000000000000000000008 /* MorviApplicationRoot.swift */ = {isa = PBXFileReference; lastKnownFileType = sourcecode.swift; path = MorviApplicationRoot.swift; sourceTree = "<group>"; };
		500000000000000000000009 /* OverlayCanvasView.swift */ = {isa = PBXFileReference; lastKnownFileType = sourcecode.swift; path = OverlayCanvasView.swift; sourceTree = "<group>"; };
		500000000000000000000025 /* InputVisibilityScrollBridge.swift */ = {isa = PBXFileReference; lastKnownFileType = sourcecode.swift; path = InputVisibilityScrollBridge.swift; sourceTree = "<group>"; };
		500000000000000000000010 /* HomeScreen.swift */ = {isa = PBXFileReference; lastKnownFileType = sourcecode.swift; path = HomeScreen.swift; sourceTree = "<group>"; };
		500000000000000000000011 /* FeelingsWeekScreen.swift */ = {isa = PBXFileReference; lastKnownFileType = sourcecode.swift; path = FeelingsWeekScreen.swift; sourceTree = "<group>"; };
		500000000000000000000012 /* DiscoverScreen.swift */ = {isa = PBXFileReference; lastKnownFileType = sourcecode.swift; path = DiscoverScreen.swift; sourceTree = "<group>"; };
		500000000000000000000013 /* PersonaScreen.swift */ = {isa = PBXFileReference; lastKnownFileType = sourcecode.swift; path = PersonaScreen.swift; sourceTree = "<group>"; };
		500000000000000000000014 /* DialogueListScreen.swift */ = {isa = PBXFileReference; lastKnownFileType = sourcecode.swift; path = DialogueListScreen.swift; sourceTree = "<group>"; };
		500000000000000000000015 /* WalletScreen.swift */ = {isa = PBXFileReference; lastKnownFileType = sourcecode.swift; path = WalletScreen.swift; sourceTree = "<group>"; };
		500000000000000000000016 /* CreationDetailScreen.swift */ = {isa = PBXFileReference; lastKnownFileType = sourcecode.swift; path = CreationDetailScreen.swift; sourceTree = "<group>"; };
		500000000000000000000017 /* ConversationScreens.swift */ = {isa = PBXFileReference; lastKnownFileType = sourcecode.swift; path = ConversationScreens.swift; sourceTree = "<group>"; };
		500000000000000000000018 /* SettingsAndAgreementScreens.swift */ = {isa = PBXFileReference; lastKnownFileType = sourcecode.swift; path = SettingsAndAgreementScreens.swift; sourceTree = "<group>"; };
		500000000000000000000019 /* OverlayPanels.swift */ = {isa = PBXFileReference; lastKnownFileType = sourcecode.swift; path = OverlayPanels.swift; sourceTree = "<group>"; };
		778F79B12FFA170600E7F38F /* StoreKit.framework */ = {isa = PBXFileReference; lastKnownFileType = wrapper.framework; name = StoreKit.framework; path = System/Library/Frameworks/StoreKit.framework; sourceTree = SDKROOT; };
/* End PBXFileReference section */

/* Begin PBXFrameworksBuildPhase section */
		100000000000000000000301 /* Frameworks */ = {
			isa = PBXFrameworksBuildPhase;
			buildActionMask = 2147483647;
			files = (
				778F79B22FFA170600E7F38F /* StoreKit.framework in Frameworks */,
			);
			runOnlyForDeploymentPostprocessing = 0;
		};
/* End PBXFrameworksBuildPhase section */

/* Begin PBXGroup section */
		100000000000000000000401 = {
			isa = PBXGroup;
			children = (
				100000000000000000000402 /* Morvi */,
				778F79B02FFA170600E7F38F /* Frameworks */,
				100000000000000000000499 /* Products */,
			);
			sourceTree = "<group>";
		};
		100000000000000000000402 /* Morvi */ = {
			isa = PBXGroup;
			children = (
				100000000000000000000403 /* Sources */,
				100000000000000000000415 /* Fonts */,
				400000000000000000000401 /* Media */,
				100000000000000000000021 /* Assets.xcassets */,
				100000000000000000000022 /* LaunchScreen.storyboard */,
				100000000000000000000023 /* Info.plist */,
				100000000000000000000029 /* Morvi.entitlements */,
			);
			path = Morvi;
			sourceTree = "<group>";
		};
		100000000000000000000403 /* Sources */ = {
			isa = PBXGroup;
			children = (
				500000000000000000000401 /* RuntimeNest */,
				500000000000000000000402 /* VisualGrammar */,
				500000000000000000000403 /* LocalArchive */,
				500000000000000000000404 /* CanvasPanels */,
				500000000000000000000405 /* Pathway */,
			);
			path = Sources;
			sourceTree = "<group>";
		};
		100000000000000000000415 /* Fonts */ = {
			isa = PBXGroup;
			children = (
				100000000000000000000030 /* SourceHanSansSC-ExtraLight.otf */,
				100000000000000000000031 /* SourceHanSansSC-Light.otf */,
				100000000000000000000032 /* SourceHanSansSC-Normal.otf */,
				100000000000000000000033 /* SourceHanSansSC-Regular.otf */,
				100000000000000000000034 /* SourceHanSansSC-Medium.otf */,
				100000000000000000000035 /* SourceHanSansSC-Bold.otf */,
				100000000000000000000036 /* SourceHanSansSC-Heavy.otf */,
				100000000000000000000037 /* FredokaOne-Regular.ttf */,
			);
			path = Fonts;
			sourceTree = "<group>";
		};
		100000000000000000000499 /* Products */ = {
			isa = PBXGroup;
			children = (
				100000000000000000000024 /* Morvi.app */,
			);
			name = Products;
			sourceTree = "<group>";
		};
		400000000000000000000401 /* Media */ = {
			isa = PBXGroup;
			children = (
				400000000000000000000001 /* builtin_victoria.mp4 */,
				400000000000000000000002 /* builtin_sophia.mp4 */,
				400000000000000000000003 /* builtin_chloe.mp4 */,
				400000000000000000000004 /* builtin_amelia.mp4 */,
				400000000000000000000005 /* builtin_rowan.mp4 */,
				400000000000000000000006 /* builtin_jasper.mp4 */,
				400000000000000000000007 /* builtin_liam.mp4 */,
			);
			path = Media;
			sourceTree = "<group>";
		};
		500000000000000000000401 /* RuntimeNest */ = {
			isa = PBXGroup;
			children = (
				100000000000000000000001 /* MorviApplicationDelegate.swift */,
				100000000000000000000002 /* WindowSceneBridge.swift */,
				500000000000000000000001 /* AccessSessionStore.swift */,
				500000000000000000000002 /* ExperienceContainer.swift */,
				500000000000000000000021 /* AppleIdentityBridge.swift */,
				500000000000000000000022 /* AvatarGalleryPicker.swift */,
				500000000000000000000026 /* StorefrontAcquisitionGateway.swift */,
			);
			path = RuntimeNest;
			sourceTree = "<group>";
		};
		500000000000000000000402 /* VisualGrammar */ = {
			isa = PBXGroup;
			children = (
				500000000000000000000004 /* VisualLanguage.swift */,
			);
			path = VisualGrammar;
			sourceTree = "<group>";
		};
		500000000000000000000403 /* LocalArchive */ = {
			isa = PBXGroup;
			children = (
				500000000000000000000003 /* LocalSnapshotVault.swift */,
				500000000000000000000020 /* IdentityArchive.swift */,
				500000000000000000000023 /* ThreadArchive.swift */,
				500000000000000000000024 /* CreationArchive.swift */,
				500000000000000000000027 /* StoredValueLedger.swift */,
			);
			path = LocalArchive;
			sourceTree = "<group>";
		};
		500000000000000000000404 /* CanvasPanels */ = {
			isa = PBXGroup;
			children = (
				500000000000000000000010 /* HomeScreen.swift */,
				500000000000000000000011 /* FeelingsWeekScreen.swift */,
				500000000000000000000012 /* DiscoverScreen.swift */,
				500000000000000000000013 /* PersonaScreen.swift */,
				500000000000000000000014 /* DialogueListScreen.swift */,
				500000000000000000000015 /* WalletScreen.swift */,
				500000000000000000000016 /* CreationDetailScreen.swift */,
				500000000000000000000017 /* ConversationScreens.swift */,
				500000000000000000000018 /* SettingsAndAgreementScreens.swift */,
				500000000000000000000019 /* OverlayPanels.swift */,
			);
			path = CanvasPanels;
			sourceTree = "<group>";
		};
		500000000000000000000405 /* Pathway */ = {
			isa = PBXGroup;
			children = (
				500000000000000000000005 /* WindowLaunchCoordinator.swift */,
				500000000000000000000006 /* ScreenTreeAssembler.swift */,
				500000000000000000000007 /* CanvasDestination.swift */,
				500000000000000000000008 /* MorviApplicationRoot.swift */,
				500000000000000000000009 /* OverlayCanvasView.swift */,
				500000000000000000000025 /* InputVisibilityScrollBridge.swift */,
			);
			path = Pathway;
			sourceTree = "<group>";
		};
		778F79B02FFA170600E7F38F /* Frameworks */ = {
			isa = PBXGroup;
			children = (
				778F79B12FFA170600E7F38F /* StoreKit.framework */,
			);
			name = Frameworks;
			sourceTree = "<group>";
		};
/* End PBXGroup section */

/* Begin PBXNativeTarget section */
		100000000000000000000501 /* Morvi */ = {
			isa = PBXNativeTarget;
			buildConfigurationList = 100000000000000000000701 /* Build configuration list for PBXNativeTarget "Morvi" */;
			buildPhases = (
				100000000000000000000601 /* Sources */,
				100000000000000000000301 /* Frameworks */,
				100000000000000000000602 /* Resources */,
			);
			buildRules = (
			);
			dependencies = (
			);
			name = Morvi;
			productName = Morvi;
			productReference = 100000000000000000000024 /* Morvi.app */;
			productType = "com.apple.product-type.application";
		};
/* End PBXNativeTarget section */

/* Begin PBXProject section */
		100000000000000000000502 /* Project object */ = {
			isa = PBXProject;
			attributes = {
				BuildIndependentTargetsInParallel = 1;
				LastSwiftUpdateCheck = 2650;
				LastUpgradeCheck = 2650;
				TargetAttributes = {
					100000000000000000000501 = {
						CreatedOnToolsVersion = 26.5;
					};
				};
			};
			buildConfigurationList = 100000000000000000000702 /* Build configuration list for PBXProject "Morvi" */;
			compatibilityVersion = "Xcode 14.0";
			developmentRegion = en;
			hasScannedForEncodings = 0;
			knownRegions = (
				en,
				Base,
			);
			mainGroup = 100000000000000000000401;
			productRefGroup = 100000000000000000000499 /* Products */;
			projectDirPath = "";
			projectRoot = "";
			targets = (
				100000000000000000000501 /* Morvi */,
			);
		};
/* End PBXProject section */

/* Begin PBXResourcesBuildPhase section */
		100000000000000000000602 /* Resources */ = {
			isa = PBXResourcesBuildPhase;
			buildActionMask = 2147483647;
			files = (
				100000000000000000000201 /* Assets.xcassets in Resources */,
				100000000000000000000202 /* LaunchScreen.storyboard in Resources */,
				100000000000000000000203 /* SourceHanSansSC-ExtraLight.otf in Resources */,
				100000000000000000000204 /* SourceHanSansSC-Light.otf in Resources */,
				100000000000000000000205 /* SourceHanSansSC-Normal.otf in Resources */,
				100000000000000000000206 /* SourceHanSansSC-Regular.otf in Resources */,
				100000000000000000000207 /* SourceHanSansSC-Medium.otf in Resources */,
				100000000000000000000208 /* SourceHanSansSC-Bold.otf in Resources */,
				100000000000000000000209 /* SourceHanSansSC-Heavy.otf in Resources */,
				100000000000000000000210 /* FredokaOne-Regular.ttf in Resources */,
				400000000000000000000201 /* builtin_victoria.mp4 in Resources */,
				400000000000000000000202 /* builtin_sophia.mp4 in Resources */,
				400000000000000000000203 /* builtin_chloe.mp4 in Resources */,
				400000000000000000000204 /* builtin_amelia.mp4 in Resources */,
				400000000000000000000205 /* builtin_rowan.mp4 in Resources */,
				400000000000000000000206 /* builtin_jasper.mp4 in Resources */,
				400000000000000000000207 /* builtin_liam.mp4 in Resources */,
			);
			runOnlyForDeploymentPostprocessing = 0;
		};
/* End PBXResourcesBuildPhase section */

/* Begin PBXSourcesBuildPhase section */
		100000000000000000000601 /* Sources */ = {
			isa = PBXSourcesBuildPhase;
			buildActionMask = 2147483647;
			files = (
				100000000000000000000101 /* MorviApplicationDelegate.swift in Sources */,
				100000000000000000000102 /* WindowSceneBridge.swift in Sources */,
				500000000000000000000101 /* AccessSessionStore.swift in Sources */,
				500000000000000000000102 /* ExperienceContainer.swift in Sources */,
				500000000000000000000103 /* LocalSnapshotVault.swift in Sources */,
				500000000000000000000123 /* ThreadArchive.swift in Sources */,
				500000000000000000000124 /* CreationArchive.swift in Sources */,
				500000000000000000000120 /* IdentityArchive.swift in Sources */,
				500000000000000000000121 /* AppleIdentityBridge.swift in Sources */,
				500000000000000000000122 /* AvatarGalleryPicker.swift in Sources */,
				500000000000000000000126 /* StorefrontAcquisitionGateway.swift in Sources */,
				500000000000000000000127 /* StoredValueLedger.swift in Sources */,
				500000000000000000000104 /* VisualLanguage.swift in Sources */,
				500000000000000000000105 /* WindowLaunchCoordinator.swift in Sources */,
				500000000000000000000106 /* ScreenTreeAssembler.swift in Sources */,
				500000000000000000000107 /* CanvasDestination.swift in Sources */,
				500000000000000000000108 /* MorviApplicationRoot.swift in Sources */,
				500000000000000000000109 /* OverlayCanvasView.swift in Sources */,
				500000000000000000000125 /* InputVisibilityScrollBridge.swift in Sources */,
				500000000000000000000110 /* HomeScreen.swift in Sources */,
				500000000000000000000111 /* FeelingsWeekScreen.swift in Sources */,
				500000000000000000000112 /* DiscoverScreen.swift in Sources */,
				500000000000000000000113 /* PersonaScreen.swift in Sources */,
				500000000000000000000114 /* DialogueListScreen.swift in Sources */,
				500000000000000000000115 /* WalletScreen.swift in Sources */,
				500000000000000000000116 /* CreationDetailScreen.swift in Sources */,
				500000000000000000000117 /* ConversationScreens.swift in Sources */,
				500000000000000000000118 /* SettingsAndAgreementScreens.swift in Sources */,
				500000000000000000000119 /* OverlayPanels.swift in Sources */,
			);
			runOnlyForDeploymentPostprocessing = 0;
		};
/* End PBXSourcesBuildPhase section */

/* Begin XCBuildConfiguration section */
		100000000000000000000801 /* Debug */ = {
			isa = XCBuildConfiguration;
			buildSettings = {
				ALWAYS_SEARCH_USER_PATHS = NO;
				CLANG_ANALYZER_NONNULL = YES;
				CLANG_ANALYZER_NUMBER_OBJECT_CONVERSION = YES_AGGRESSIVE;
				CLANG_CXX_LANGUAGE_STANDARD = "gnu++20";
				CLANG_ENABLE_MODULES = YES;
				CLANG_ENABLE_OBJC_ARC = YES;
				CLANG_ENABLE_OBJC_WEAK = YES;
				CLANG_WARN_BLOCK_CAPTURE_AUTORELEASING = YES;
				CLANG_WARN_BOOL_CONVERSION = YES;
				CLANG_WARN_COMMA = YES;
				CLANG_WARN_CONSTANT_CONVERSION = YES;
				CLANG_WARN_DEPRECATED_OBJC_IMPLEMENTATIONS = YES;
				CLANG_WARN_DIRECT_OBJC_ISA_USAGE = YES_ERROR;
				CLANG_WARN_DOCUMENTATION_COMMENTS = YES;
				CLANG_WARN_EMPTY_BODY = YES;
				CLANG_WARN_ENUM_CONVERSION = YES;
				CLANG_WARN_INFINITE_RECURSION = YES;
				CLANG_WARN_INT_CONVERSION = YES;
				CLANG_WARN_NON_LITERAL_NULL_CONVERSION = YES;
				CLANG_WARN_OBJC_IMPLICIT_RETAIN_SELF = YES;
				CLANG_WARN_OBJC_LITERAL_CONVERSION = YES;
				CLANG_WARN_OBJC_ROOT_CLASS = YES_ERROR;
				CLANG_WARN_QUOTED_INCLUDE_IN_FRAMEWORK_HEADER = YES;
				CLANG_WARN_RANGE_LOOP_ANALYSIS = YES;
				CLANG_WARN_STRICT_PROTOTYPES = YES;
				CLANG_WARN_SUSPICIOUS_MOVE = YES;
				CLANG_WARN_UNGUARDED_AVAILABILITY = YES_AGGRESSIVE;
				CLANG_WARN_UNREACHABLE_CODE = YES;
				CLANG_WARN__DUPLICATE_METHOD_MATCH = YES;
				COPY_PHASE_STRIP = NO;
				DEBUG_INFORMATION_FORMAT = dwarf;
				ENABLE_STRICT_OBJC_MSGSEND = YES;
				ENABLE_TESTABILITY = YES;
				ENABLE_USER_SCRIPT_SANDBOXING = YES;
				GCC_C_LANGUAGE_STANDARD = gnu17;
				GCC_DYNAMIC_NO_PIC = NO;
				GCC_NO_COMMON_BLOCKS = YES;
				GCC_OPTIMIZATION_LEVEL = 0;
				GCC_PREPROCESSOR_DEFINITIONS = (
					"DEBUG=1",
					"$(inherited)",
				);
				GCC_WARN_64_TO_32_BIT_CONVERSION = YES;
				GCC_WARN_ABOUT_RETURN_TYPE = YES_ERROR;
				GCC_WARN_UNDECLARED_SELECTOR = YES;
				GCC_WARN_UNINITIALIZED_AUTOS = YES_AGGRESSIVE;
				GCC_WARN_UNUSED_FUNCTION = YES;
				GCC_WARN_UNUSED_VARIABLE = YES;
				IPHONEOS_DEPLOYMENT_TARGET = 15.6;
				MTL_ENABLE_DEBUG_INFO = INCLUDE_SOURCE;
				MTL_FAST_MATH = YES;
				ONLY_ACTIVE_ARCH = YES;
				SDKROOT = iphoneos;
				SWIFT_ACTIVE_COMPILATION_CONDITIONS = DEBUG;
				SWIFT_OPTIMIZATION_LEVEL = "-Onone";
			};
			name = Debug;
		};
		100000000000000000000802 /* Release */ = {
			isa = XCBuildConfiguration;
			buildSettings = {
				ALWAYS_SEARCH_USER_PATHS = NO;
				CLANG_ANALYZER_NONNULL = YES;
				CLANG_ANALYZER_NUMBER_OBJECT_CONVERSION = YES_AGGRESSIVE;
				CLANG_CXX_LANGUAGE_STANDARD = "gnu++20";
				CLANG_ENABLE_MODULES = YES;
				CLANG_ENABLE_OBJC_ARC = YES;
				CLANG_ENABLE_OBJC_WEAK = YES;
				CLANG_WARN_BLOCK_CAPTURE_AUTORELEASING = YES;
				CLANG_WARN_BOOL_CONVERSION = YES;
				CLANG_WARN_COMMA = YES;
				CLANG_WARN_CONSTANT_CONVERSION = YES;
				CLANG_WARN_DEPRECATED_OBJC_IMPLEMENTATIONS = YES;
				CLANG_WARN_DIRECT_OBJC_ISA_USAGE = YES_ERROR;
				CLANG_WARN_DOCUMENTATION_COMMENTS = YES;
				CLANG_WARN_EMPTY_BODY = YES;
				CLANG_WARN_ENUM_CONVERSION = YES;
				CLANG_WARN_INFINITE_RECURSION = YES;
				CLANG_WARN_INT_CONVERSION = YES;
				CLANG_WARN_NON_LITERAL_NULL_CONVERSION = YES;
				CLANG_WARN_OBJC_IMPLICIT_RETAIN_SELF = YES;
				CLANG_WARN_OBJC_LITERAL_CONVERSION = YES;
				CLANG_WARN_OBJC_ROOT_CLASS = YES_ERROR;
				CLANG_WARN_QUOTED_INCLUDE_IN_FRAMEWORK_HEADER = YES;
				CLANG_WARN_RANGE_LOOP_ANALYSIS = YES;
				CLANG_WARN_STRICT_PROTOTYPES = YES;
				CLANG_WARN_SUSPICIOUS_MOVE = YES;
				CLANG_WARN_UNGUARDED_AVAILABILITY = YES_AGGRESSIVE;
				CLANG_WARN_UNREACHABLE_CODE = YES;
				CLANG_WARN__DUPLICATE_METHOD_MATCH = YES;
				COPY_PHASE_STRIP = NO;
				DEBUG_INFORMATION_FORMAT = "dwarf-with-dsym";
				ENABLE_NS_ASSERTIONS = NO;
				ENABLE_STRICT_OBJC_MSGSEND = YES;
				ENABLE_USER_SCRIPT_SANDBOXING = YES;
				GCC_C_LANGUAGE_STANDARD = gnu17;
				GCC_NO_COMMON_BLOCKS = YES;
				GCC_WARN_64_TO_32_BIT_CONVERSION = YES;
				GCC_WARN_ABOUT_RETURN_TYPE = YES_ERROR;
				GCC_WARN_UNDECLARED_SELECTOR = YES;
				GCC_WARN_UNINITIALIZED_AUTOS = YES_AGGRESSIVE;
				GCC_WARN_UNUSED_FUNCTION = YES;
				GCC_WARN_UNUSED_VARIABLE = YES;
				IPHONEOS_DEPLOYMENT_TARGET = 15.6;
				MTL_ENABLE_DEBUG_INFO = NO;
				MTL_FAST_MATH = YES;
				SDKROOT = iphoneos;
				SWIFT_COMPILATION_MODE = wholemodule;
				SWIFT_OPTIMIZATION_LEVEL = "-O";
				VALIDATE_PRODUCT = YES;
			};
			name = Release;
		};
		100000000000000000000803 /* Debug */ = {
			isa = XCBuildConfiguration;
			buildSettings = {
				ASSETCATALOG_COMPILER_APPICON_NAME = AppIcon;
				CODE_SIGN_ENTITLEMENTS = Morvi/Morvi.entitlements;
				CODE_SIGN_IDENTITY = "Apple Development";
				CODE_SIGN_STYLE = Automatic;
				CURRENT_PROJECT_VERSION = 2;
				DEVELOPMENT_TEAM = 6NUFR97X3A;
				GENERATE_INFOPLIST_FILE = NO;
				INFOPLIST_FILE = Morvi/Info.plist;
				IPHONEOS_DEPLOYMENT_TARGET = 15.6;
				MARKETING_VERSION = 1.0.0;
				OTHER_LDFLAGS = "-lsqlite3";
				PRODUCT_BUNDLE_IDENTIFIER = app.myfy.test;
				PRODUCT_NAME = "$(TARGET_NAME)";
				PROVISIONING_PROFILE_SPECIFIER = "";
				SUPPORTED_PLATFORMS = "iphoneos iphonesimulator";
				SUPPORTS_MACCATALYST = NO;
				SUPPORTS_MAC_DESIGNED_FOR_IPHONE_IPAD = NO;
				SUPPORTS_XR_DESIGNED_FOR_IPHONE_IPAD = NO;
				SWIFT_VERSION = 5.0;
				TARGETED_DEVICE_FAMILY = 1;
			};
			name = Debug;
		};
		100000000000000000000804 /* Release */ = {
			isa = XCBuildConfiguration;
			buildSettings = {
				ASSETCATALOG_COMPILER_APPICON_NAME = AppIcon;
				CODE_SIGN_ENTITLEMENTS = Morvi/Morvi.entitlements;
				CODE_SIGN_IDENTITY = "Apple Development";
				CODE_SIGN_STYLE = Automatic;
				CURRENT_PROJECT_VERSION = 2;
				DEVELOPMENT_TEAM = 6NUFR97X3A;
				GENERATE_INFOPLIST_FILE = NO;
				INFOPLIST_FILE = Morvi/Info.plist;
				IPHONEOS_DEPLOYMENT_TARGET = 15.6;
				MARKETING_VERSION = 1.0.0;
				OTHER_LDFLAGS = "-lsqlite3";
				PRODUCT_BUNDLE_IDENTIFIER = app.myfy.test;
				PRODUCT_NAME = "$(TARGET_NAME)";
				PROVISIONING_PROFILE_SPECIFIER = "";
				SUPPORTED_PLATFORMS = "iphoneos iphonesimulator";
				SUPPORTS_MACCATALYST = NO;
				SUPPORTS_MAC_DESIGNED_FOR_IPHONE_IPAD = NO;
				SUPPORTS_XR_DESIGNED_FOR_IPHONE_IPAD = NO;
				SWIFT_VERSION = 5.0;
				TARGETED_DEVICE_FAMILY = 1;
			};
			name = Release;
		};
/* End XCBuildConfiguration section */

/* Begin XCConfigurationList section */
		100000000000000000000701 /* Build configuration list for PBXNativeTarget "Morvi" */ = {
			isa = XCConfigurationList;
			buildConfigurations = (
				100000000000000000000803 /* Debug */,
				100000000000000000000804 /* Release */,
			);
			defaultConfigurationIsVisible = 0;
			defaultConfigurationName = Release;
		};
		100000000000000000000702 /* Build configuration list for PBXProject "Morvi" */ = {
			isa = XCConfigurationList;
			buildConfigurations = (
				100000000000000000000801 /* Debug */,
				100000000000000000000802 /* Release */,
			);
			defaultConfigurationIsVisible = 0;
			defaultConfigurationName = Release;
		};
/* End XCConfigurationList section */
	};
	rootObject = 100000000000000000000502 /* Project object */;
}
